// !$*UTF8*$!
{
	archiveVersion = 1;
	classes = {
	};
	objectVersion = 46;
	objects = {

/* Begin PBXBuildFile section */
		037FE87D1AABE90A004C86E4 /* main.cpp in Sources */ = {isa = PBXBuildFile; fileRef = 037FE8781AABE90A004C86E4 /* main.cpp */; };
		037FE87E1AABE90A004C86E4 /* PagedDiskArray.cpp in Sources */ = {isa = PBXBuildFile; fileRef = 037FE8791AABE90A004C86E4 /* PagedDiskArray.cpp */; };
		037FE87F1AABE90A004C86E4 /* TestPagedDiskArray.cpp in Sources */ = {isa = PBXBuildFile; fileRef = 037FE87B1AABE90A004C86E4 /* TestPagedDiskArray.cpp */; };
/* End PBXBuildFile section */

/* Begin PBXCopyFilesBuildPhase section */
		037FE86C1AABE8F5004C86E4 /* CopyFiles */ = {
			isa = PBXCopyFilesBuildPhase;
			buildActionMask = 2147483647;
			dstPath = /usr/share/man/man1/;
			dstSubfolderSpec = 0;
			files = (
			);
			runOnlyForDeploymentPostprocessing = 1;
		};
/* End PBXCopyFilesBuildPhase section */

/* Begin PBXFileReference section */
		037FE86E1AABE8F5004C86E4 /* HW4 */ = {isa = PBXFileReference; explicitFileType = "compiled.mach-o.executable"; includeInIndex = 0; path = HW4; sourceTree = BUILT_PRODUCTS_DIR; };
		037FE8781AABE90A004C86E4 /* main.cpp */ = {isa = PBXFileReference; fileEncoding = 4; lastKnownFileType = sourcecode.cpp.cpp; path = main.cpp; sourceTree = "<group>"; };
		037FE8791AABE90A004C86E4 /* PagedDiskArray.cpp */ = {isa = PBXFileReference; fileEncoding = 4; lastKnownFileType = sourcecode.cpp.cpp; path = PagedDiskArray.cpp; sourceTree = "<group>"; };
		037FE87A1AABE90A004C86E4 /* PagedDiskArray.h */ = {isa = PBXFileReference; fileEncoding = 4; lastKnownFileType = sourcecode.c.h; path = PagedDiskArray.h; sourceTree = "<group>"; };
		037FE87B1AABE90A004C86E4 /* TestPagedDiskArray.cpp */ = {isa = PBXFileReference; fileEncoding = 4; lastKnownFileType = sourcecode.cpp.cpp; path = TestPagedDiskArray.cpp; sourceTree = "<group>"; };
		037FE87C1AABE90A004C86E4 /* TestPagedDiskArray.h */ = {isa = PBXFileReference; fileEncoding = 4; lastKnownFileType = sourcecode.c.h; path = TestPagedDiskArray.h; sourceTree = "<group>"; };
/* End PBXFileReference section */

/* Begin PBXFrameworksBuildPhase section */
		037FE86B1AABE8F5004C86E4 /* Frameworks */ = {
			isa = PBXFrameworksBuildPhase;
			buildActionMask = 2147483647;
			files = (
			);
			runOnlyForDeploymentPostprocessing = 0;
		};
/* End PBXFrameworksBuildPhase section */

/* Begin PBXGroup section */
		037FE8651AABE8F5004C86E4 = {
			isa = PBXGroup;
			children = (
				037FE8701AABE8F5004C86E4 /* HW4 */,
				037FE86F1AABE8F5004C86E4 /* Products */,
			);
			sourceTree = "<group>";
		};
		037FE86F1AABE8F5004C86E4 /* Products */ = {
			isa = PBXGroup;
			children = (
				037FE86E1AABE8F5004C86E4 /* HW4 */,
			);
			name = Products;
			sourceTree = "<group>";
		};
		037FE8701AABE8F5004C86E4 /* HW4 */ = {
			isa = PBXGroup;
			children = (
				037FE8781AABE90A004C86E4 /* main.cpp */,
				037FE8791AABE90A004C86E4 /* PagedDiskArray.cpp */,
				037FE87A1AABE90A004C86E4 /* PagedDiskArray.h */,
				037FE87B1AABE90A004C86E4 /* TestPagedDiskArray.cpp */,
				037FE87C1AABE90A004C86E4 /* TestPagedDiskArray.h */,
			);
			path = HW4;
			sourceTree = "<group>";
		};
/* End PBXGroup section */

/* Begin PBXNativeTarget section */
		037FE86D1AABE8F5004C86E4 /* HW4 */ = {
			isa = PBXNativeTarget;
			buildConfigurationList = 037FE8751AABE8F5004C86E4 /* Build configuration list for PBXNativeTarget "HW4" */;
			buildPhases = (
				037FE86A1AABE8F5004C86E4 /* Sources */,
				037FE86B1AABE8F5004C86E4 /* Frameworks */,
				037FE86C1AABE8F5004C86E4 /* CopyFiles */,
			);
			buildRules = (
			);
			dependencies = (
			);
			name = HW4;
			productName = HW4;
			productReference = 037FE86E1AABE8F5004C86E4 /* HW4 */;
			productType = "com.apple.product-type.tool";
		};
/* End PBXNativeTarget section */

/* Begin PBXProject section */
		037FE8661AABE8F5004C86E4 /* Project object */ = {
			isa = PBXProject;
			attributes = {
				LastUpgradeCheck = 0610;
				ORGANIZATIONNAME = "Jace Lieberman";
				TargetAttributes = {
					037FE86D1AABE8F5004C86E4 = {
						CreatedOnToolsVersion = 6.1.1;
					};
				};
			};
			buildConfigurationList = 037FE8691AABE8F5004C86E4 /* Build configuration list for PBXProject "HW4" */;
			compatibilityVersion = "Xcode 3.2";
			developmentRegion = English;
			hasScannedForEncodings = 0;
			knownRegions = (
				en,
			);
			mainGroup = 037FE8651AABE8F5004C86E4;
			productRefGroup = 037FE86F1AABE8F5004C86E4 /* Products */;
			projectDirPath = "";
			projectRoot = "";
			targets = (
				037FE86D1AABE8F5004C86E4 /* HW4 */,
			);
		};
/* End PBXProject section */

/* Begin PBXSourcesBuildPhase section */
		037FE86A1AABE8F5004C86E4 /* Sources */ = {
			isa = PBXSourcesBuildPhase;
			buildActionMask = 2147483647;
			files = (
				037FE87E1AABE90A004C86E4 /* PagedDiskArray.cpp in Sources */,
				037FE87F1AABE90A004C86E4 /* TestPagedDiskArray.cpp in Sources */,
				037FE87D1AABE90A004C86E4 /* main.cpp in Sources */,
			);
			runOnlyForDeploymentPostprocessing = 0;
		};
/* End PBXSourcesBuildPhase section */

/* Begin XCBuildConfiguration section */
		037FE8731AABE8F5004C86E4 /* Debug */ = {
			isa = XCBuildConfiguration;
			buildSettings = {
				ALWAYS_SEARCH_USER_PATHS = NO;
				CLANG_CXX_LANGUAGE_STANDARD = "gnu++0x";
				CLANG_CXX_LIBRARY = "libc++";
				CLANG_ENABLE_MODULES = YES;
				CLANG_ENABLE_OBJC_ARC = YES;
				CLANG_WARN_BOOL_CONVERSION = YES;
				CLANG_WARN_CONSTANT_CONVERSION = YES;
				CLANG_WARN_DIRECT_OBJC_ISA_USAGE = YES_ERROR;
				CLANG_WARN_EMPTY_BODY = YES;
				CLANG_WARN_ENUM_CONVERSION = YES;
				CLANG_WARN_INT_CONVERSION = YES;
				CLANG_WARN_OBJC_ROOT_CLASS = YES_ERROR;
				CLANG_WARN_UNREACHABLE_CODE = YES;
				CLANG_WARN__DUPLICATE_METHOD_MATCH = YES;
				COPY_PHASE_STRIP = NO;
				ENABLE_STRICT_OBJC_MSGSEND = YES;
				GCC_C_LANGUAGE_STANDARD = gnu99;
				GCC_DYNAMIC_NO_PIC = NO;
				GCC_OPTIMIZATION_LEVEL = 0;
				GCC_PREPROCESSOR_DEFINITIONS = (
					"DEBUG=1",
					"$(inherited)",
				);
				GCC_SYMBOLS_PRIVATE_EXTERN = NO;
				GCC_WARN_64_TO_32_BIT_CONVERSION = YES;
				GCC_WARN_ABOUT_RETURN_TYPE = YES_ERROR;
				GCC_WARN_UNDECLARED_SELECTOR = YES;
				GCC_WARN_UNINITIALIZED_AUTOS = YES_AGGRESSIVE;
				GCC_WARN_UNUSED_FUNCTION = YES;
				GCC_WARN_UNUSED_VARIABLE = YES;
				MACOSX_DEPLOYMENT_TARGET = 10.10;
				MTL_ENABLE_DEBUG_INFO = YES;
				ONLY_ACTIVE_ARCH = YES;
				SDKROOT = macosx;
			};
			name = Debug;
		};
		037FE8741AABE8F5004C86E4 /* Release */ = {
			isa = XCBuildConfiguration;
			buildSettings = {
				ALWAYS_SEARCH_USER_PATHS = NO;
				CLANG_CXX_LANGUAGE_STANDARD = "gnu++0x";
				CLANG_CXX_LIBRARY = "libc++";
				CLANG_ENABLE_MODULES = YES;
				CLANG_ENABLE_OBJC_ARC = YES;
				CLANG_WARN_BOOL_CONVERSION = YES;
				CLANG_WARN_CONSTANT_CONVERSION = YES;
				CLANG_WARN_DIRECT_OBJC_ISA_USAGE = YES_ERROR;
				CLANG_WARN_EMPTY_BODY = YES;
				CLANG_WARN_ENUM_CONVERSION = YES;
				CLANG_WARN_INT_CONVERSION = YES;
				CLANG_WARN_OBJC_ROOT_CLASS = YES_ERROR;
				CLANG_WARN_UNREACHABLE_CODE = YES;
				CLANG_WARN__DUPLICATE_METHOD_MATCH = YES;
				COPY_PHASE_STRIP = YES;
				DEBUG_INFORMATION_FORMAT = "dwarf-with-dsym";
				ENABLE_NS_ASSERTIONS = NO;
				ENABLE_STRICT_OBJC_MSGSEND = YES;
				GCC_C_LANGUAGE_STANDARD = gnu99;
				GCC_WARN_64_TO_32_BIT_CONVERSION = YES;
				GCC_WARN_ABOUT_RETURN_TYPE = YES_ERROR;
				GCC_WARN_UNDECLARED_SELECTOR = YES;
				GCC_WARN_UNINITIALIZED_AUTOS = YES_AGGRESSIVE;
				GCC_WARN_UNUSED_FUNCTION = YES;
				GCC_WARN_UNUSED_VARIABLE = YES;
				MACOSX_DEPLOYMENT_TARGET = 10.10;
				MTL_ENABLE_DEBUG_INFO = NO;
				SDKROOT = macosx;
			};
			name = Release;
		};
		037FE8761AABE8F5004C86E4 /* Debug */ = {
			isa = XCBuildConfiguration;
			buildSettings = {
				PRODUCT_NAME = "$(TARGET_NAME)";
			};
			name = Debug;
		};
		037FE8771AABE8F5004C86E4 /* Release */ = {
			isa = XCBuildConfiguration;
			buildSettings = {
				PRODUCT_NAME = "$(TARGET_NAME)";
			};
			name = Release;
		};
/* End XCBuildConfiguration section */

/* Begin XCConfigurationList section */
		037FE8691AABE8F5004C86E4 /* Build configuration list for PBXProject "HW4" */ = {
			isa = XCConfigurationList;
			buildConfigurations = (
				037FE8731AABE8F5004C86E4 /* Debug */,
				037FE8741AABE8F5004C86E4 /* Release */,
			);
			defaultConfigurationIsVisible = 0;
			defaultConfigurationName = Release;
		};
		037FE8751AABE8F5004C86E4 /* Build configuration list for PBXNativeTarget "HW4" */ = {
			isa = XCConfigurationList;
			buildConfigurations = (
				037FE8761AABE8F5004C86E4 /* Debug */,
				037FE8771AABE8F5004C86E4 /* Release */,
			);
			defaultConfigurationIsVisible = 0;
		};
/* End XCConfigurationList section */
	};
	rootObject = 037FE8661AABE8F5004C86E4 /* Project object */;
}
